
Microsoft Visual Studio Solution File, Format Version 12.00
Project("{2150E333-8FDC-42A3-9474-1A3956D46DE8}") = "Services", "Services", "{450CE4EB-33A9-4469-9A97-1CFFCF4D05A0}"
EndProject
Project("{2150E333-8FDC-42A3-9474-1A3956D46DE8}") = "ParsingService", "ParsingService", "{94E2E88D-EB34-4CEF-9E37-23D4A50A576C}"
	ProjectSection(SolutionItems) = preProject
		Services\ParsingService\.gitignore = Services\ParsingService\.gitignore
		Services\ParsingService\Dockerfile = Services\ParsingService\Dockerfile
	EndProjectSection
EndProject
Project("{FAE04EC0-301F-11D3-BF4B-00C04F79EFBC}") = "ParsingService.Domain.Core", "Services\ParsingService\Domain\ParsingService.Domain.Core\ParsingService.Domain.Core.csproj", "{E42992B3-C4FD-48E0-9DCF-BC6F4095B265}"
EndProject
Project("{2150E333-8FDC-42A3-9474-1A3956D46DE8}") = "Domain", "Domain", "{38AEAF35-CFBC-42B5-8726-E0179ED4145A}"
EndProject
Project("{FAE04EC0-301F-11D3-BF4B-00C04F79EFBC}") = "API", "Services\ParsingService\API\API.csproj", "{0B020B3A-A4F7-4074-BD75-87E1F983218A}"
EndProject
Project("{FAE04EC0-301F-11D3-BF4B-00C04F79EFBC}") = "ParsingService.Domain.Interfaces", "Services\ParsingService\Domain\ParsingService.Domain.Interfaces\ParsingService.Domain.Interfaces.csproj", "{0674E14B-F569-46CC-98A8-7F942A6B0295}"
EndProject
Project("{FAE04EC0-301F-11D3-BF4B-00C04F79EFBC}") = "ParsingService.UnitTests", "Services\ParsingService\Tests\ParsingService.UnitTests\ParsingService.UnitTests.csproj", "{6D346278-7DEE-4F0B-9E08-F8DDC908599D}"
EndProject
Project("{2150E333-8FDC-42A3-9474-1A3956D46DE8}") = "Tests", "Tests", "{8B2EB523-4585-4F64-8A75-CE37EC24A52B}"
EndProject
Project("{2150E333-8FDC-42A3-9474-1A3956D46DE8}") = "Application", "Application", "{6908C852-1C83-44C3-AEC4-4D6914858E9A}"
EndProject
Project("{2150E333-8FDC-42A3-9474-1A3956D46DE8}") = "Infrastructure", "Infrastructure", "{4538C690-A6B8-40AD-98B3-89907218ED45}"
EndProject
Project("{FAE04EC0-301F-11D3-BF4B-00C04F79EFBC}") = "ParsingService.Application.Interfaces", "Services\ParsingService\Application\ParsingService.Application.Interfaces\ParsingService.Application.Interfaces.csproj", "{D5B0B582-F8F6-4DBB-ADB9-E10E65A38BE0}"
EndProject
Project("{FAE04EC0-301F-11D3-BF4B-00C04F79EFBC}") = "ParsingService.Infrastructure.Services", "Services\ParsingService\Infrastructure\ParsingService.Infrastructure.Services\ParsingService.Infrastructure.Services.csproj", "{D05F0051-EC0F-4995-81F2-1114394F3151}"
EndProject
Project("{FAE04EC0-301F-11D3-BF4B-00C04F79EFBC}") = "ParsingService.Infrastructure.Data", "Services\ParsingService\Infrastructure\ParsingService.Infrastructure.Data\ParsingService.Infrastructure.Data.csproj", "{85BCFA77-3637-4B74-BECC-D45B6E2D5646}"
EndProject
Global
	GlobalSection(SolutionConfigurationPlatforms) = preSolution
		Debug|Any CPU = Debug|Any CPU
		Release|Any CPU = Release|Any CPU
	EndGlobalSection
	GlobalSection(ProjectConfigurationPlatforms) = postSolution
		{E42992B3-C4FD-48E0-9DCF-BC6F4095B265}.Debug|Any CPU.ActiveCfg = Debug|Any CPU
		{E42992B3-C4FD-48E0-9DCF-BC6F4095B265}.Debug|Any CPU.Build.0 = Debug|Any CPU
		{E42992B3-C4FD-48E0-9DCF-BC6F4095B265}.Release|Any CPU.ActiveCfg = Release|Any CPU
		{E42992B3-C4FD-48E0-9DCF-BC6F4095B265}.Release|Any CPU.Build.0 = Release|Any CPU
		{0B020B3A-A4F7-4074-BD75-87E1F983218A}.Debug|Any CPU.ActiveCfg = Debug|Any CPU
		{0B020B3A-A4F7-4074-BD75-87E1F983218A}.Debug|Any CPU.Build.0 = Debug|Any CPU
		{0B020B3A-A4F7-4074-BD75-87E1F983218A}.Release|Any CPU.ActiveCfg = Release|Any CPU
		{0B020B3A-A4F7-4074-BD75-87E1F983218A}.Release|Any CPU.Build.0 = Release|Any CPU
		{0674E14B-F569-46CC-98A8-7F942A6B0295}.Debug|Any CPU.ActiveCfg = Debug|Any CPU
		{0674E14B-F569-46CC-98A8-7F942A6B0295}.Debug|Any CPU.Build.0 = Debug|Any CPU
		{0674E14B-F569-46CC-98A8-7F942A6B0295}.Release|Any CPU.ActiveCfg = Release|Any CPU
		{0674E14B-F569-46CC-98A8-7F942A6B0295}.Release|Any CPU.Build.0 = Release|Any CPU
		{6D346278-7DEE-4F0B-9E08-F8DDC908599D}.Debug|Any CPU.ActiveCfg = Debug|Any CPU
		{6D346278-7DEE-4F0B-9E08-F8DDC908599D}.Debug|Any CPU.Build.0 = Debug|Any CPU
		{6D346278-7DEE-4F0B-9E08-F8DDC908599D}.Release|Any CPU.ActiveCfg = Release|Any CPU
		{6D346278-7DEE-4F0B-9E08-F8DDC908599D}.Release|Any CPU.Build.0 = Release|Any CPU
		{D5B0B582-F8F6-4DBB-ADB9-E10E65A38BE0}.Debug|Any CPU.ActiveCfg = Debug|Any CPU
		{D5B0B582-F8F6-4DBB-ADB9-E10E65A38BE0}.Debug|Any CPU.Build.0 = Debug|Any CPU
		{D5B0B582-F8F6-4DBB-ADB9-E10E65A38BE0}.Release|Any CPU.ActiveCfg = Release|Any CPU
		{D5B0B582-F8F6-4DBB-ADB9-E10E65A38BE0}.Release|Any CPU.Build.0 = Release|Any CPU
		{D05F0051-EC0F-4995-81F2-1114394F3151}.Debug|Any CPU.ActiveCfg = Debug|Any CPU
		{D05F0051-EC0F-4995-81F2-1114394F3151}.Debug|Any CPU.Build.0 = Debug|Any CPU
		{D05F0051-EC0F-4995-81F2-1114394F3151}.Release|Any CPU.ActiveCfg = Release|Any CPU
		{D05F0051-EC0F-4995-81F2-1114394F3151}.Release|Any CPU.Build.0 = Release|Any CPU
		{85BCFA77-3637-4B74-BECC-D45B6E2D5646}.Debug|Any CPU.ActiveCfg = Debug|Any CPU
		{85BCFA77-3637-4B74-BECC-D45B6E2D5646}.Debug|Any CPU.Build.0 = Debug|Any CPU
		{85BCFA77-3637-4B74-BECC-D45B6E2D5646}.Release|Any CPU.ActiveCfg = Release|Any CPU
		{85BCFA77-3637-4B74-BECC-D45B6E2D5646}.Release|Any CPU.Build.0 = Release|Any CPU
	EndGlobalSection
	GlobalSection(NestedProjects) = preSolution
		{94E2E88D-EB34-4CEF-9E37-23D4A50A576C} = {450CE4EB-33A9-4469-9A97-1CFFCF4D05A0}
		{38AEAF35-CFBC-42B5-8726-E0179ED4145A} = {94E2E88D-EB34-4CEF-9E37-23D4A50A576C}
		{E42992B3-C4FD-48E0-9DCF-BC6F4095B265} = {38AEAF35-CFBC-42B5-8726-E0179ED4145A}
		{0B020B3A-A4F7-4074-BD75-87E1F983218A} = {94E2E88D-EB34-4CEF-9E37-23D4A50A576C}
		{0674E14B-F569-46CC-98A8-7F942A6B0295} = {38AEAF35-CFBC-42B5-8726-E0179ED4145A}
		{8B2EB523-4585-4F64-8A75-CE37EC24A52B} = {94E2E88D-EB34-4CEF-9E37-23D4A50A576C}
		{6D346278-7DEE-4F0B-9E08-F8DDC908599D} = {8B2EB523-4585-4F64-8A75-CE37EC24A52B}
		{6908C852-1C83-44C3-AEC4-4D6914858E9A} = {94E2E88D-EB34-4CEF-9E37-23D4A50A576C}
		{4538C690-A6B8-40AD-98B3-89907218ED45} = {94E2E88D-EB34-4CEF-9E37-23D4A50A576C}
		{D5B0B582-F8F6-4DBB-ADB9-E10E65A38BE0} = {6908C852-1C83-44C3-AEC4-4D6914858E9A}
		{D05F0051-EC0F-4995-81F2-1114394F3151} = {4538C690-A6B8-40AD-98B3-89907218ED45}
		{85BCFA77-3637-4B74-BECC-D45B6E2D5646} = {4538C690-A6B8-40AD-98B3-89907218ED45}
	EndGlobalSection
EndGlobal
